
Microsoft Visual Studio Solution File, Format Version 12.00
# Visual Studio 15
VisualStudioVersion = 15.0.26430.13
MinimumVisualStudioVersion = 10.0.40219.1
Project("{9A19103F-16F7-4668-BE54-9A1E7A4F7556}") = "AspNetCoreApplication.Api", "AspNetCoreApplication.Api\AspNetCoreApplication.Api.csproj", "{3792DD19-597A-464C-B7B9-491540CCC759}"
EndProject
Project("{2150E333-8FDC-42A3-9474-1A3956D46DE8}") = "0-Api", "0-Api", "{28001E80-4670-417E-A320-339D84FD41C2}"
EndProject
Project("{2150E333-8FDC-42A3-9474-1A3956D46DE8}") = "1-Service", "1-Service", "{08BE3EF2-30B2-46E3-8F20-56AFF756BC11}"
EndProject
Project("{2150E333-8FDC-42A3-9474-1A3956D46DE8}") = "2-Repository", "2-Repository", "{E6A36926-B3A2-41FF-940D-1CC807828BA3}"
EndProject
Project("{2150E333-8FDC-42A3-9474-1A3956D46DE8}") = "3-Data", "3-Data", "{8C66A9BB-C4CD-4244-B3AB-A2A2B59DE14A}"
EndProject
Project("{2150E333-8FDC-42A3-9474-1A3956D46DE8}") = "4-Helper", "4-Helper", "{3B22AEAC-5E45-48F8-A3A3-4235C65A1015}"
EndProject
Project("{9A19103F-16F7-4668-BE54-9A1E7A4F7556}") = "AspNetCoreApplication.VM", "AspNetCoreApplication.VM\AspNetCoreApplication.VM.csproj", "{7D6C4257-5A8C-423B-8D7C-002D009CF693}"
EndProject
Project("{9A19103F-16F7-4668-BE54-9A1E7A4F7556}") = "AspNetCoreApplication.Service", "AspNetCoreApplication.Service\AspNetCoreApplication.Service.csproj", "{0330B461-1EB8-4D65-AA65-C5FECF6F8CC9}"
EndProject
Project("{9A19103F-16F7-4668-BE54-9A1E7A4F7556}") = "AspNetCoreApplication.Repository", "AspNetCoreApplication.Repository\AspNetCoreApplication.Repository.csproj", "{262FFA3D-4BDD-4991-9E36-167D6E6FE703}"
EndProject
Project("{9A19103F-16F7-4668-BE54-9A1E7A4F7556}") = "AspNetCoreApplication.Data", "AspNetCoreApplication.Data\AspNetCoreApplication.Data.csproj", "{E35637B2-5171-4E5C-806D-0A9CD3A6672A}"
EndProject
Project("{9A19103F-16F7-4668-BE54-9A1E7A4F7556}") = "AspNetCoreApplication.Helper", "AspNetCoreApplication.Helper\AspNetCoreApplication.Helper.csproj", "{A11E1A53-61A6-4C9F-8713-F2855A4B43FC}"
EndProject
Global
	GlobalSection(SolutionConfigurationPlatforms) = preSolution
		Debug|Any CPU = Debug|Any CPU
		Release|Any CPU = Release|Any CPU
	EndGlobalSection
	GlobalSection(ProjectConfigurationPlatforms) = postSolution
		{3792DD19-597A-464C-B7B9-491540CCC759}.Debug|Any CPU.ActiveCfg = Debug|Any CPU
		{3792DD19-597A-464C-B7B9-491540CCC759}.Debug|Any CPU.Build.0 = Debug|Any CPU
		{3792DD19-597A-464C-B7B9-491540CCC759}.Release|Any CPU.ActiveCfg = Release|Any CPU
		{3792DD19-597A-464C-B7B9-491540CCC759}.Release|Any CPU.Build.0 = Release|Any CPU
		{7D6C4257-5A8C-423B-8D7C-002D009CF693}.Debug|Any CPU.ActiveCfg = Debug|Any CPU
		{7D6C4257-5A8C-423B-8D7C-002D009CF693}.Debug|Any CPU.Build.0 = Debug|Any CPU
		{7D6C4257-5A8C-423B-8D7C-002D009CF693}.Release|Any CPU.ActiveCfg = Release|Any CPU
		{7D6C4257-5A8C-423B-8D7C-002D009CF693}.Release|Any CPU.Build.0 = Release|Any CPU
		{0330B461-1EB8-4D65-AA65-C5FECF6F8CC9}.Debug|Any CPU.ActiveCfg = Debug|Any CPU
		{0330B461-1EB8-4D65-AA65-C5FECF6F8CC9}.Debug|Any CPU.Build.0 = Debug|Any CPU
		{0330B461-1EB8-4D65-AA65-C5FECF6F8CC9}.Release|Any CPU.ActiveCfg = Release|Any CPU
		{0330B461-1EB8-4D65-AA65-C5FECF6F8CC9}.Release|Any CPU.Build.0 = Release|Any CPU
		{262FFA3D-4BDD-4991-9E36-167D6E6FE703}.Debug|Any CPU.ActiveCfg = Debug|Any CPU
		{262FFA3D-4BDD-4991-9E36-167D6E6FE703}.Debug|Any CPU.Build.0 = Debug|Any CPU
		{262FFA3D-4BDD-4991-9E36-167D6E6FE703}.Release|Any CPU.ActiveCfg = Release|Any CPU
		{262FFA3D-4BDD-4991-9E36-167D6E6FE703}.Release|Any CPU.Build.0 = Release|Any CPU
		{E35637B2-5171-4E5C-806D-0A9CD3A6672A}.Debug|Any CPU.ActiveCfg = Debug|Any CPU
		{E35637B2-5171-4E5C-806D-0A9CD3A6672A}.Debug|Any CPU.Build.0 = Debug|Any CPU
		{E35637B2-5171-4E5C-806D-0A9CD3A6672A}.Release|Any CPU.ActiveCfg = Release|Any CPU
		{E35637B2-5171-4E5C-806D-0A9CD3A6672A}.Release|Any CPU.Build.0 = Release|Any CPU
		{A11E1A53-61A6-4C9F-8713-F2855A4B43FC}.Debug|Any CPU.ActiveCfg = Debug|Any CPU
		{A11E1A53-61A6-4C9F-8713-F2855A4B43FC}.Debug|Any CPU.Build.0 = Debug|Any CPU
		{A11E1A53-61A6-4C9F-8713-F2855A4B43FC}.Release|Any CPU.ActiveCfg = Release|Any CPU
		{A11E1A53-61A6-4C9F-8713-F2855A4B43FC}.Release|Any CPU.Build.0 = Release|Any CPU
	EndGlobalSection
	GlobalSection(SolutionProperties) = preSolution
		HideSolutionNode = FALSE
	EndGlobalSection
	GlobalSection(NestedProjects) = preSolution
		{3792DD19-597A-464C-B7B9-491540CCC759} = {28001E80-4670-417E-A320-339D84FD41C2}
		{7D6C4257-5A8C-423B-8D7C-002D009CF693} = {28001E80-4670-417E-A320-339D84FD41C2}
		{0330B461-1EB8-4D65-AA65-C5FECF6F8CC9} = {08BE3EF2-30B2-46E3-8F20-56AFF756BC11}
		{262FFA3D-4BDD-4991-9E36-167D6E6FE703} = {E6A36926-B3A2-41FF-940D-1CC807828BA3}
		{E35637B2-5171-4E5C-806D-0A9CD3A6672A} = {8C66A9BB-C4CD-4244-B3AB-A2A2B59DE14A}
		{A11E1A53-61A6-4C9F-8713-F2855A4B43FC} = {3B22AEAC-5E45-48F8-A3A3-4235C65A1015}
	EndGlobalSection
EndGlobal
